
Microsoft Visual Studio Solution File, Format Version 12.00
# Visual Studio Version 17
VisualStudioVersion = 17.11.35327.3
MinimumVisualStudioVersion = 10.0.40219.1
Project("{FAE04EC0-301F-11D3-BF4B-00C04F79EFBC}") = "BlogApi", "BlogApi\BlogApi.csproj", "{B9D2318B-48BE-4827-8991-BDFE2E6B0381}"
EndProject
Global
	GlobalSection(SolutionConfigurationPlatforms) = preSolution
		Debug|Any CPU = Debug|Any CPU
		Release|Any CPU = Release|Any CPU
	EndGlobalSection
	GlobalSection(ProjectConfigurationPlatforms) = postSolution
		{B9D2318B-48BE-4827-8991-BDFE2E6B0381}.Debug|Any CPU.ActiveCfg = Debug|Any CPU
		{B9D2318B-48BE-4827-8991-BDFE2E6B0381}.Debug|Any CPU.Build.0 = Debug|Any CPU
		{B9D2318B-48BE-4827-8991-BDFE2E6B0381}.Release|Any CPU.ActiveCfg = Release|Any CPU
		{B9D2318B-48BE-4827-8991-BDFE2E6B0381}.Release|Any CPU.Build.0 = Release|Any CPU
	EndGlobalSection
	GlobalSection(SolutionProperties) = preSolution
		HideSolutionNode = FALSE
	EndGlobalSection
	GlobalSection(ExtensibilityGlobals) = postSolution
		SolutionGuid = {5CE26DFB-3144-43D1-85E0-79296ABFE105}
	EndGlobalSection
EndGlobal
